
Microsoft Visual Studio Solution File, Format Version 12.00
# Visual Studio 15
VisualStudioVersion = 15.0.27703.2000
MinimumVisualStudioVersion = 10.0.40219.1
Project("{8BC9CEB8-8B4A-11D0-8D11-00A0C91BC942}") = "XCS", "XCS\XCS.vcxproj", "{8D8E28A7-AC38-4F95-B5A5-E92C38CA69F3}"
EndProject
Project("{8BC9CEB8-8B4A-11D0-8D11-00A0C91BC942}") = "XCSR", "XCSR\XCSR.vcxproj", "{08D6F09B-9186-4E76-B86F-6059B976CDA4}"
EndProject
Global
	GlobalSection(SolutionConfigurationPlatforms) = preSolution
		Debug|x64 = Debug|x64
		Debug|x86 = Debug|x86
		Release|x64 = Release|x64
		Release|x86 = Release|x86
	EndGlobalSection
	GlobalSection(ProjectConfigurationPlatforms) = postSolution
		{8D8E28A7-AC38-4F95-B5A5-E92C38CA69F3}.Debug|x64.ActiveCfg = Debug|x64
		{8D8E28A7-AC38-4F95-B5A5-E92C38CA69F3}.Debug|x64.Build.0 = Debug|x64
		{8D8E28A7-AC38-4F95-B5A5-E92C38CA69F3}.Debug|x86.ActiveCfg = Debug|Win32
		{8D8E28A7-AC38-4F95-B5A5-E92C38CA69F3}.Debug|x86.Build.0 = Debug|Win32
		{8D8E28A7-AC38-4F95-B5A5-E92C38CA69F3}.Release|x64.ActiveCfg = Release|x64
		{8D8E28A7-AC38-4F95-B5A5-E92C38CA69F3}.Release|x64.Build.0 = Release|x64
		{8D8E28A7-AC38-4F95-B5A5-E92C38CA69F3}.Release|x86.ActiveCfg = Release|Win32
		{8D8E28A7-AC38-4F95-B5A5-E92C38CA69F3}.Release|x86.Build.0 = Release|Win32
		{08D6F09B-9186-4E76-B86F-6059B976CDA4}.Debug|x64.ActiveCfg = Debug|x64
		{08D6F09B-9186-4E76-B86F-6059B976CDA4}.Debug|x64.Build.0 = Debug|x64
		{08D6F09B-9186-4E76-B86F-6059B976CDA4}.Debug|x86.ActiveCfg = Debug|Win32
		{08D6F09B-9186-4E76-B86F-6059B976CDA4}.Debug|x86.Build.0 = Debug|Win32
		{08D6F09B-9186-4E76-B86F-6059B976CDA4}.Release|x64.ActiveCfg = Release|x64
		{08D6F09B-9186-4E76-B86F-6059B976CDA4}.Release|x64.Build.0 = Release|x64
		{08D6F09B-9186-4E76-B86F-6059B976CDA4}.Release|x86.ActiveCfg = Release|Win32
		{08D6F09B-9186-4E76-B86F-6059B976CDA4}.Release|x86.Build.0 = Release|Win32
	EndGlobalSection
	GlobalSection(SolutionProperties) = preSolution
		HideSolutionNode = FALSE
	EndGlobalSection
	GlobalSection(ExtensibilityGlobals) = postSolution
		SolutionGuid = {51D2956B-FBF5-4419-90DC-E193391DF208}
	EndGlobalSection
EndGlobal
